
Microsoft Visual Studio Solution File, Format Version 12.00
# Visual Studio Version 17
VisualStudioVersion = 17.7.34003.232
MinimumVisualStudioVersion = 10.0.40219.1
Project("{FAE04EC0-301F-11D3-BF4B-00C04F79EFBC}") = "ApiFilmes", "ApiFilmes\ApiFilmes.csproj", "{2ECDAA7E-8089-4F04-8805-06C18D9E4BAF}"
EndProject
Global
	GlobalSection(SolutionConfigurationPlatforms) = preSolution
		Debug|Any CPU = Debug|Any CPU
		Release|Any CPU = Release|Any CPU
	EndGlobalSection
	GlobalSection(ProjectConfigurationPlatforms) = postSolution
		{2ECDAA7E-8089-4F04-8805-06C18D9E4BAF}.Debug|Any CPU.ActiveCfg = Debug|Any CPU
		{2ECDAA7E-8089-4F04-8805-06C18D9E4BAF}.Debug|Any CPU.Build.0 = Debug|Any CPU
		{2ECDAA7E-8089-4F04-8805-06C18D9E4BAF}.Release|Any CPU.ActiveCfg = Release|Any CPU
		{2ECDAA7E-8089-4F04-8805-06C18D9E4BAF}.Release|Any CPU.Build.0 = Release|Any CPU
	EndGlobalSection
	GlobalSection(SolutionProperties) = preSolution
		HideSolutionNode = FALSE
	EndGlobalSection
	GlobalSection(ExtensibilityGlobals) = postSolution
		SolutionGuid = {E61C92A7-47A8-41F3-AED0-E8CC046D1FF5}
	EndGlobalSection
EndGlobal
